
Microsoft Visual Studio Solution File, Format Version 12.00
# Visual Studio Version 17
VisualStudioVersion = 17.9.34728.123
MinimumVisualStudioVersion = 10.0.40219.1
Project("{FAE04EC0-301F-11D3-BF4B-00C04F79EFBC}") = "API", "API\API.csproj", "{1D9B6703-9B6D-4D36-8621-2012F65668D4}"
EndProject
Global
	GlobalSection(SolutionConfigurationPlatforms) = preSolution
		Debug|Any CPU = Debug|Any CPU
		Release|Any CPU = Release|Any CPU
	EndGlobalSection
	GlobalSection(ProjectConfigurationPlatforms) = postSolution
		{1D9B6703-9B6D-4D36-8621-2012F65668D4}.Debug|Any CPU.ActiveCfg = Debug|Any CPU
		{1D9B6703-9B6D-4D36-8621-2012F65668D4}.Debug|Any CPU.Build.0 = Debug|Any CPU
		{1D9B6703-9B6D-4D36-8621-2012F65668D4}.Release|Any CPU.ActiveCfg = Release|Any CPU
		{1D9B6703-9B6D-4D36-8621-2012F65668D4}.Release|Any CPU.Build.0 = Release|Any CPU
	EndGlobalSection
	GlobalSection(SolutionProperties) = preSolution
		HideSolutionNode = FALSE
	EndGlobalSection
	GlobalSection(ExtensibilityGlobals) = postSolution
		SolutionGuid = {624723BF-BEEB-4014-A8DE-8FB90306044C}
	EndGlobalSection
EndGlobal
